{
  "object": {
    "pins": [
      {
        "package": "FileSmith",
        "repositoryURL": "https://github.com/kareman/FileSmith",
        "state": {
          "branch": null,
          "revision": "cacde2d890e289a7978a48c9369471cda3ec7930",
          "version": "0.1.6"
        }
      },
      {
        "package": "Moderator",
        "repositoryURL": "https://github.com/kareman/Moderator",
        "state": {
          "branch": null,
          "revision": "19660ff89e5dd6ed17ab70505d9147ddca1ab482",
          "version": "0.4.2"
        }
      },
      {
        "package": "SwiftShell",
        "repositoryURL": "https://github.com/kareman/SwiftShell.git",
        "state": {
          "branch": null,
          "revision": "433f28116691a1f19863990924e800e40d5d590c",
          "version": "3.0.1"
        }
      }
    ]
  },
  "version": 1
}
